Microsoft Visual Studio Solution File, Format Version 12.00
# Visual Studio 2012
Project("{FAE04EC0-301F-11D3-BF4B-00C04F79EFBC}") = "GodotTileMapEditor", "GodotTileMapEditor.csproj", "{CA6D18BE-CFC6-4918-A311-9D1A78DADB60}"
EndProject
Global
	GlobalSection(SolutionConfigurationPlatforms) = preSolution
	Debug|Any CPU = Debug|Any CPU
	ExportDebug|Any CPU = ExportDebug|Any CPU
	ExportRelease|Any CPU = ExportRelease|Any CPU
	EndGlobalSection
	GlobalSection(ProjectConfigurationPlatforms) = postSolution
		{CA6D18BE-CFC6-4918-A311-9D1A78DADB60}.Debug|Any CPU.ActiveCfg = Debug|Any CPU
		{CA6D18BE-CFC6-4918-A311-9D1A78DADB60}.Debug|Any CPU.Build.0 = Debug|Any CPU
		{CA6D18BE-CFC6-4918-A311-9D1A78DADB60}.ExportDebug|Any CPU.ActiveCfg = ExportDebug|Any CPU
		{CA6D18BE-CFC6-4918-A311-9D1A78DADB60}.ExportDebug|Any CPU.Build.0 = ExportDebug|Any CPU
		{CA6D18BE-CFC6-4918-A311-9D1A78DADB60}.ExportRelease|Any CPU.ActiveCfg = ExportRelease|Any CPU
		{CA6D18BE-CFC6-4918-A311-9D1A78DADB60}.ExportRelease|Any CPU.Build.0 = ExportRelease|Any CPU
	EndGlobalSection
EndGlobal
